
Microsoft Visual Studio Solution File, Format Version 12.00
# Visual Studio Version 16
VisualStudioVersion = 16.0.30225.117
MinimumVisualStudioVersion = 10.0.40219.1
Project("{9A19103F-16F7-4668-BE54-9A1E7A4F7556}") = "ScreenAndScreen", "ScreenAndScreen\ScreenAndScreen.csproj", "{EE928810-7674-4CEE-B903-1A6B76866B1F}"
EndProject
Global
	GlobalSection(SolutionConfigurationPlatforms) = preSolution
		Debug|Any CPU = Debug|Any CPU
		Release|Any CPU = Release|Any CPU
	EndGlobalSection
	GlobalSection(ProjectConfigurationPlatforms) = postSolution
		{EE928810-7674-4CEE-B903-1A6B76866B1F}.Debug|Any CPU.ActiveCfg = Debug|Any CPU
		{EE928810-7674-4CEE-B903-1A6B76866B1F}.Debug|Any CPU.Build.0 = Debug|Any CPU
		{EE928810-7674-4CEE-B903-1A6B76866B1F}.Release|Any CPU.ActiveCfg = Release|Any CPU
		{EE928810-7674-4CEE-B903-1A6B76866B1F}.Release|Any CPU.Build.0 = Release|Any CPU
	EndGlobalSection
	GlobalSection(SolutionProperties) = preSolution
		HideSolutionNode = FALSE
	EndGlobalSection
	GlobalSection(ExtensibilityGlobals) = postSolution
		SolutionGuid = {7973B8F8-847D-4169-B31C-E8331E9A4B5E}
	EndGlobalSection
EndGlobal
